
Microsoft Visual Studio Solution File, Format Version 12.00
# Visual Studio Version 17
VisualStudioVersion = 17.7.34202.233
MinimumVisualStudioVersion = 10.0.40219.1
Project("{FAE04EC0-301F-11D3-BF4B-00C04F79EFBC}") = "Ejercicio 2 (Igual o mayor a 100)", "Ejercicio 2 (Igual o mayor a 100).csproj", "{637436D5-8A14-4273-8413-9B6E5B5A7267}"
EndProject
Global
	GlobalSection(SolutionConfigurationPlatforms) = preSolution
		Debug|Any CPU = Debug|Any CPU
		Release|Any CPU = Release|Any CPU
	EndGlobalSection
	GlobalSection(ProjectConfigurationPlatforms) = postSolution
		{637436D5-8A14-4273-8413-9B6E5B5A7267}.Debug|Any CPU.ActiveCfg = Debug|Any CPU
		{637436D5-8A14-4273-8413-9B6E5B5A7267}.Debug|Any CPU.Build.0 = Debug|Any CPU
		{637436D5-8A14-4273-8413-9B6E5B5A7267}.Release|Any CPU.ActiveCfg = Release|Any CPU
		{637436D5-8A14-4273-8413-9B6E5B5A7267}.Release|Any CPU.Build.0 = Release|Any CPU
	EndGlobalSection
	GlobalSection(SolutionProperties) = preSolution
		HideSolutionNode = FALSE
	EndGlobalSection
	GlobalSection(ExtensibilityGlobals) = postSolution
		SolutionGuid = {051889B1-2B97-4FAC-BA35-4720641B1BCA}
	EndGlobalSection
EndGlobal
